
Microsoft Visual Studio Solution File, Format Version 12.00
# Visual Studio Version 17
VisualStudioVersion = 17.10.34814.14
MinimumVisualStudioVersion = 10.0.40219.1
Project("{9A19103F-16F7-4668-BE54-9A1E7A4F7556}") = "ECommerce", "ECommerce.csproj", "{CCBD0B2D-E1FB-4875-A21C-038EB72B5802}"
EndProject
Global
	GlobalSection(SolutionConfigurationPlatforms) = preSolution
		Debug|Any CPU = Debug|Any CPU
		Release|Any CPU = Release|Any CPU
	EndGlobalSection
	GlobalSection(ProjectConfigurationPlatforms) = postSolution
		{CCBD0B2D-E1FB-4875-A21C-038EB72B5802}.Debug|Any CPU.ActiveCfg = Debug|Any CPU
		{CCBD0B2D-E1FB-4875-A21C-038EB72B5802}.Debug|Any CPU.Build.0 = Debug|Any CPU
		{CCBD0B2D-E1FB-4875-A21C-038EB72B5802}.Release|Any CPU.ActiveCfg = Release|Any CPU
		{CCBD0B2D-E1FB-4875-A21C-038EB72B5802}.Release|Any CPU.Build.0 = Release|Any CPU
	EndGlobalSection
	GlobalSection(SolutionProperties) = preSolution
		HideSolutionNode = FALSE
	EndGlobalSection
	GlobalSection(ExtensibilityGlobals) = postSolution
		SolutionGuid = {E2873653-457D-4248-95EC-A98B600244CD}
	EndGlobalSection
EndGlobal
